# THIS IS AN AUTOGENERATED FILE. DO NOT EDIT THIS FILE DIRECTLY.
# yarn lockfile v1


"@discoveryjs/json-ext@^0.5.0":
  version "0.5.2"
  resolved "https://registry.npm.alibaba-inc.com/@discoveryjs/json-ext/download/@discoveryjs/json-ext-0.5.2.tgz#8f03a22a04de437254e8ce8cc84ba39689288752"
  integrity sha1-jwOiKgTeQ3JU6M6MyEujlokoh1I=

"@types/eslint-scope@^3.7.0":
  version "3.7.0"
  resolved "https://registry.npm.alibaba-inc.com/@types/eslint-scope/download/@types/eslint-scope-3.7.0.tgz#4792816e31119ebd506902a482caec4951fabd86"
  integrity sha1-R5KBbjERnr1QaQKkgsrsSVH6vYY=
  dependencies:
    "@types/eslint" "*"
    "@types/estree" "*"

"@types/eslint@*":
  version "7.2.6"
  resolved "https://registry.npm.alibaba-inc.com/@types/eslint/download/@types/eslint-7.2.6.tgz#5e9aff555a975596c03a98b59ecd103decc70c3c"
  integrity sha1-Xpr/VVqXVZbAOpi1ns0QPezHDDw=
  dependencies:
    "@types/estree" "*"
    "@types/json-schema" "*"

"@types/estree@*", "@types/estree@^0.0.46":
  version "0.0.46"
  resolved "https://registry.npm.alibaba-inc.com/@types/estree/download/@types/estree-0.0.46.tgz#0fb6bfbbeabd7a30880504993369c4bf1deab1fe"
  integrity sha1-D7a/u+q9ejCIBQSZM2nEvx3qsf4=

"@types/json-schema@*", "@types/json-schema@^7.0.6":
  version "7.0.7"
  resolved "https://registry.npm.alibaba-inc.com/@types/json-schema/download/@types/json-schema-7.0.7.tgz#98a993516c859eb0d5c4c8f098317a9ea68db9ad"
  integrity sha1-mKmTUWyFnrDVxMjwmDF6nqaNua0=

"@types/node@*":
  version "14.14.24"
  resolved "https://registry.npm.alibaba-inc.com/@types/node/download/@types/node-14.14.24.tgz#541c00e4f7c41c8f108bd5b045248b5224c62946"
  integrity sha1-VBwA5PfEHI8Qi9WwRSSLUiTGKUY=

"@webassemblyjs/ast@1.11.0":
  version "1.11.0"
  resolved "https://registry.npm.alibaba-inc.com/@webassemblyjs/ast/download/@webassemblyjs/ast-1.11.0.tgz#a5aa679efdc9e51707a4207139da57920555961f"
  integrity sha1-papnnv3J5RcHpCBxOdpXkgVVlh8=
  dependencies:
    "@webassemblyjs/helper-numbers" "1.11.0"
    "@webassemblyjs/helper-wasm-bytecode" "1.11.0"

"@webassemblyjs/floating-point-hex-parser@1.11.0":
  version "1.11.0"
  resolved "https://registry.npm.alibaba-inc.com/@webassemblyjs/floating-point-hex-parser/download/@webassemblyjs/floating-point-hex-parser-1.11.0.tgz#34d62052f453cd43101d72eab4966a022587947c"
  integrity sha1-NNYgUvRTzUMQHXLqtJZqAiWHlHw=

"@webassemblyjs/helper-api-error@1.11.0":
  version "1.11.0"
  resolved "https://registry.npm.alibaba-inc.com/@webassemblyjs/helper-api-error/download/@webassemblyjs/helper-api-error-1.11.0.tgz#aaea8fb3b923f4aaa9b512ff541b013ffb68d2d4"
  integrity sha1-quqPs7kj9KqptRL/VBsBP/to0tQ=

"@webassemblyjs/helper-buffer@1.11.0":
  version "1.11.0"
  resolved "https://registry.npm.alibaba-inc.com/@webassemblyjs/helper-buffer/download/@webassemblyjs/helper-buffer-1.11.0.tgz#d026c25d175e388a7dbda9694e91e743cbe9b642"
  integrity sha1-0CbCXRdeOIp9valpTpHnQ8vptkI=

"@webassemblyjs/helper-numbers@1.11.0":
  version "1.11.0"
  resolved "https://registry.npm.alibaba-inc.com/@webassemblyjs/helper-numbers/download/@webassemblyjs/helper-numbers-1.11.0.tgz#7ab04172d54e312cc6ea4286d7d9fa27c88cd4f9"
  integrity sha1-erBBctVOMSzG6kKG19n6J8iM1Pk=
  dependencies:
    "@webassemblyjs/floating-point-hex-parser" "1.11.0"
    "@webassemblyjs/helper-api-error" "1.11.0"
    "@xtuc/long" "4.2.2"

"@webassemblyjs/helper-wasm-bytecode@1.11.0":
  version "1.11.0"
  resolved "https://registry.npm.alibaba-inc.com/@webassemblyjs/helper-wasm-bytecode/download/@webassemblyjs/helper-wasm-bytecode-1.11.0.tgz#85fdcda4129902fe86f81abf7e7236953ec5a4e1"
  integrity sha1-hf3NpBKZAv6G+Bq/fnI2lT7FpOE=

"@webassemblyjs/helper-wasm-section@1.11.0":
  version "1.11.0"
  resolved "https://registry.npm.alibaba-inc.com/@webassemblyjs/helper-wasm-section/download/@webassemblyjs/helper-wasm-section-1.11.0.tgz#9ce2cc89300262509c801b4af113d1ca25c1a75b"
  integrity sha1-nOLMiTACYlCcgBtK8RPRyiXBp1s=
  dependencies:
    "@webassemblyjs/ast" "1.11.0"
    "@webassemblyjs/helper-buffer" "1.11.0"
    "@webassemblyjs/helper-wasm-bytecode" "1.11.0"
    "@webassemblyjs/wasm-gen" "1.11.0"

"@webassemblyjs/ieee754@1.11.0":
  version "1.11.0"
  resolved "https://registry.npm.alibaba-inc.com/@webassemblyjs/ieee754/download/@webassemblyjs/ieee754-1.11.0.tgz#46975d583f9828f5d094ac210e219441c4e6f5cf"
  integrity sha1-RpddWD+YKPXQlKwhDiGUQcTm9c8=
  dependencies:
    "@xtuc/ieee754" "^1.2.0"

"@webassemblyjs/leb128@1.11.0":
  version "1.11.0"
  resolved "https://registry.npm.alibaba-inc.com/@webassemblyjs/leb128/download/@webassemblyjs/leb128-1.11.0.tgz#f7353de1df38aa201cba9fb88b43f41f75ff403b"
  integrity sha1-9zU94d84qiAcup+4i0P0H3X/QDs=
  dependencies:
    "@xtuc/long" "4.2.2"

"@webassemblyjs/utf8@1.11.0":
  version "1.11.0"
  resolved "https://registry.npm.alibaba-inc.com/@webassemblyjs/utf8/download/@webassemblyjs/utf8-1.11.0.tgz#86e48f959cf49e0e5091f069a709b862f5a2cadf"
  integrity sha1-huSPlZz0ng5QkfBppwm4YvWiyt8=

"@webassemblyjs/wasm-edit@1.11.0":
  version "1.11.0"
  resolved "https://registry.npm.alibaba-inc.com/@webassemblyjs/wasm-edit/download/@webassemblyjs/wasm-edit-1.11.0.tgz#ee4a5c9f677046a210542ae63897094c2027cb78"
  integrity sha1-7kpcn2dwRqIQVCrmOJcJTCAny3g=
  dependencies:
    "@webassemblyjs/ast" "1.11.0"
    "@webassemblyjs/helper-buffer" "1.11.0"
    "@webassemblyjs/helper-wasm-bytecode" "1.11.0"
    "@webassemblyjs/helper-wasm-section" "1.11.0"
    "@webassemblyjs/wasm-gen" "1.11.0"
    "@webassemblyjs/wasm-opt" "1.11.0"
    "@webassemblyjs/wasm-parser" "1.11.0"
    "@webassemblyjs/wast-printer" "1.11.0"

"@webassemblyjs/wasm-gen@1.11.0":
  version "1.11.0"
  resolved "https://registry.npm.alibaba-inc.com/@webassemblyjs/wasm-gen/download/@webassemblyjs/wasm-gen-1.11.0.tgz#3cdb35e70082d42a35166988dda64f24ceb97abe"
  integrity sha1-PNs15wCC1Co1FmmI3aZPJM65er4=
  dependencies:
    "@webassemblyjs/ast" "1.11.0"
    "@webassemblyjs/helper-wasm-bytecode" "1.11.0"
    "@webassemblyjs/ieee754" "1.11.0"
    "@webassemblyjs/leb128" "1.11.0"
    "@webassemblyjs/utf8" "1.11.0"

"@webassemblyjs/wasm-opt@1.11.0":
  version "1.11.0"
  resolved "https://registry.npm.alibaba-inc.com/@webassemblyjs/wasm-opt/download/@webassemblyjs/wasm-opt-1.11.0.tgz#1638ae188137f4bb031f568a413cd24d32f92978"
  integrity sha1-FjiuGIE39LsDH1aKQTzSTTL5KXg=
  dependencies:
    "@webassemblyjs/ast" "1.11.0"
    "@webassemblyjs/helper-buffer" "1.11.0"
    "@webassemblyjs/wasm-gen" "1.11.0"
    "@webassemblyjs/wasm-parser" "1.11.0"

"@webassemblyjs/wasm-parser@1.11.0":
  version "1.11.0"
  resolved "https://registry.npm.alibaba-inc.com/@webassemblyjs/wasm-parser/download/@webassemblyjs/wasm-parser-1.11.0.tgz#3e680b8830d5b13d1ec86cc42f38f3d4a7700754"
  integrity sha1-PmgLiDDVsT0eyGzELzjz1KdwB1Q=
  dependencies:
    "@webassemblyjs/ast" "1.11.0"
    "@webassemblyjs/helper-api-error" "1.11.0"
    "@webassemblyjs/helper-wasm-bytecode" "1.11.0"
    "@webassemblyjs/ieee754" "1.11.0"
    "@webassemblyjs/leb128" "1.11.0"
    "@webassemblyjs/utf8" "1.11.0"

"@webassemblyjs/wast-printer@1.11.0":
  version "1.11.0"
  resolved "https://registry.npm.alibaba-inc.com/@webassemblyjs/wast-printer/download/@webassemblyjs/wast-printer-1.11.0.tgz#680d1f6a5365d6d401974a8e949e05474e1fab7e"
  integrity sha1-aA0falNl1tQBl0qOlJ4FR04fq34=
  dependencies:
    "@webassemblyjs/ast" "1.11.0"
    "@xtuc/long" "4.2.2"

"@webpack-cli/configtest@^1.0.1":
  version "1.0.1"
  resolved "https://registry.npm.alibaba-inc.com/@webpack-cli/configtest/download/@webpack-cli/configtest-1.0.1.tgz#241aecfbdc715eee96bed447ed402e12ec171935"
  integrity sha1-JBrs+9xxXu6WvtRH7UAuEuwXGTU=

"@webpack-cli/info@^1.2.2":
  version "1.2.2"
  resolved "https://registry.npm.alibaba-inc.com/@webpack-cli/info/download/@webpack-cli/info-1.2.2.tgz#ef3c0cd947a1fa083e174a59cb74e0b6195c236c"
  integrity sha1-7zwM2Ueh+gg+F0pZy3TgthlcI2w=
  dependencies:
    envinfo "^7.7.3"

"@webpack-cli/serve@^1.3.0":
  version "1.3.0"
  resolved "https://registry.npm.alibaba-inc.com/@webpack-cli/serve/download/@webpack-cli/serve-1.3.0.tgz#2730c770f5f1f132767c63dcaaa4ec28f8c56a6c"
  integrity sha1-JzDHcPXx8TJ2fGPcqqTsKPjFamw=

"@xtuc/ieee754@^1.2.0":
  version "1.2.0"
  resolved "https://registry.npm.alibaba-inc.com/@xtuc/ieee754/download/@xtuc/ieee754-1.2.0.tgz#eef014a3145ae477a1cbc00cd1e552336dceb790"
  integrity sha1-7vAUoxRa5Hehy8AM0eVSM23Ot5A=

"@xtuc/long@4.2.2":
  version "4.2.2"
  resolved "https://registry.npm.alibaba-inc.com/@xtuc/long/download/@xtuc/long-4.2.2.tgz#d291c6a4e97989b5c61d9acf396ae4fe133a718d"
  integrity sha1-0pHGpOl5ibXGHZrPOWrk/hM6cY0=

acorn@^8.0.4:
  version "8.0.5"
  resolved "https://registry.npm.alibaba-inc.com/acorn/download/acorn-8.0.5.tgz#a3bfb872a74a6a7f661bc81b9849d9cac12601b7"
  integrity sha1-o7+4cqdKan9mG8gbmEnZysEmAbc=

ajv-keywords@^3.5.2:
  version "3.5.2"
  resolved "https://registry.npm.alibaba-inc.com/ajv-keywords/download/ajv-keywords-3.5.2.tgz#31f29da5ab6e00d1c2d329acf7b5929614d5014d"
  integrity sha1-MfKdpatuANHC0yms97WSlhTVAU0=

ajv@^6.12.5:
  version "6.12.6"
  resolved "https://registry.npm.alibaba-inc.com/ajv/download/ajv-6.12.6.tgz#baf5a62e802b07d977034586f8c3baf5adf26df4"
  integrity sha1-uvWmLoArB9l3A0WG+MO69a3ybfQ=
  dependencies:
    fast-deep-equal "^3.1.1"
    fast-json-stable-stringify "^2.0.0"
    json-schema-traverse "^0.4.1"
    uri-js "^4.2.2"

ansi-colors@^4.1.1:
  version "4.1.1"
  resolved "https://registry.npm.alibaba-inc.com/ansi-colors/download/ansi-colors-4.1.1.tgz#cbb9ae256bf750af1eab344f229aa27fe94ba348"
  integrity sha1-y7muJWv3UK8eqzRPIpqif+lLo0g=

ansi-styles@^4.1.0:
  version "4.3.0"
  resolved "https://registry.npm.alibaba-inc.com/ansi-styles/download/ansi-styles-4.3.0.tgz#edd803628ae71c04c85ae7a0906edad34b648937"
  integrity sha1-7dgDYornHATIWuegkG7a00tkiTc=
  dependencies:
    color-convert "^2.0.1"

big.js@^5.2.2:
  version "5.2.2"
  resolved "https://registry.npm.alibaba-inc.com/big.js/download/big.js-5.2.2.tgz#65f0af382f578bcdc742bd9c281e9cb2d7768328"
  integrity sha1-ZfCvOC9Xi83HQr2cKB6cstd2gyg=

braces@^3.0.1:
  version "3.0.2"
  resolved "https://registry.npm.alibaba-inc.com/braces/download/braces-3.0.2.tgz#3454e1a462ee8d599e236df336cd9ea4f8afe107"
  integrity sha1-NFThpGLujVmeI23zNs2epPiv4Qc=
  dependencies:
    fill-range "^7.0.1"

browserslist@^4.14.5:
  version "4.16.3"
  resolved "https://registry.npm.alibaba-inc.com/browserslist/download/browserslist-4.16.3.tgz#340aa46940d7db878748567c5dea24a48ddf3717"
  integrity sha1-NAqkaUDX24eHSFZ8XeokpI3fNxc=
  dependencies:
    caniuse-lite "^1.0.30001181"
    colorette "^1.2.1"
    electron-to-chromium "^1.3.649"
    escalade "^3.1.1"
    node-releases "^1.1.70"

buffer-from@^1.0.0:
  version "1.1.1"
  resolved "https://registry.npm.alibaba-inc.com/buffer-from/download/buffer-from-1.1.1.tgz#32713bc028f75c02fdb710d7c7bcec1f2c6070ef"
  integrity sha1-MnE7wCj3XAL9txDXx7zsHyxgcO8=

caniuse-lite@^1.0.30001181:
  version "1.0.30001185"
  resolved "https://registry.npm.alibaba-inc.com/caniuse-lite/download/caniuse-lite-1.0.30001185.tgz#3482a407d261da04393e2f0d61eefbc53be43b95"
  integrity sha1-NIKkB9Jh2gQ5Pi8NYe77xTvkO5U=

chalk@^4.1.0:
  version "4.1.0"
  resolved "https://registry.npm.alibaba-inc.com/chalk/download/chalk-4.1.0.tgz#4e14870a618d9e2edd97dd8345fd9d9dc315646a"
  integrity sha1-ThSHCmGNni7dl92DRf2dncMVZGo=
  dependencies:
    ansi-styles "^4.1.0"
    supports-color "^7.1.0"

chrome-trace-event@^1.0.2:
  version "1.0.2"
  resolved "https://registry.npm.alibaba-inc.com/chrome-trace-event/download/chrome-trace-event-1.0.2.tgz#234090ee97c7d4ad1a2c4beae27505deffc608a4"
  integrity sha1-I0CQ7pfH1K0aLEvq4nUF3v/GCKQ=
  dependencies:
    tslib "^1.9.0"

clone-deep@^4.0.1:
  version "4.0.1"
  resolved "https://registry.npm.alibaba-inc.com/clone-deep/download/clone-deep-4.0.1.tgz#c19fd9bdbbf85942b4fd979c84dcf7d5f07c2387"
  integrity sha1-wZ/Zvbv4WUK0/ZechNz31fB8I4c=
  dependencies:
    is-plain-object "^2.0.4"
    kind-of "^6.0.2"
    shallow-clone "^3.0.0"

color-convert@^2.0.1:
  version "2.0.1"
  resolved "https://registry.npm.alibaba-inc.com/color-convert/download/color-convert-2.0.1.tgz#72d3a68d598c9bdb3af2ad1e84f21d896abd4de3"
  integrity sha1-ctOmjVmMm9s68q0ehPIdiWq9TeM=
  dependencies:
    color-name "~1.1.4"

color-name@~1.1.4:
  version "1.1.4"
  resolved "https://registry.npm.alibaba-inc.com/color-name/download/color-name-1.1.4.tgz#c2a09a87acbde69543de6f63fa3995c826c536a2"
  integrity sha1-wqCah6y95pVD3m9j+jmVyCbFNqI=

colorette@^1.2.1:
  version "1.2.1"
  resolved "https://registry.npm.alibaba-inc.com/colorette/download/colorette-1.2.1.tgz#4d0b921325c14faf92633086a536db6e89564b1b"
  integrity sha1-TQuSEyXBT6+SYzCGpTbbbolWSxs=

commander@^2.20.0:
  version "2.20.3"
  resolved "https://registry.npm.alibaba-inc.com/commander/download/commander-2.20.3.tgz#fd485e84c03eb4881c20722ba48035e8531aeb33"
  integrity sha1-/UhehMA+tIgcIHIrpIA16FMa6zM=

commander@^7.0.0:
  version "7.0.0"
  resolved "https://registry.npm.alibaba-inc.com/commander/download/commander-7.0.0.tgz#3e2bbfd8bb6724760980988fb5b22b7ee6b71ab2"
  integrity sha1-Piu/2LtnJHYJgJiPtbIrfua3GrI=

core-util-is@~1.0.0:
  version "1.0.2"
  resolved "https://registry.npm.alibaba-inc.com/core-util-is/download/core-util-is-1.0.2.tgz#b5fd54220aa2bc5ab57aab7140c940754503c1a7"
  integrity sha1-tf1UIgqivFq1eqtxQMlAdUUDwac=

cross-spawn@^7.0.3:
  version "7.0.3"
  resolved "https://registry.npm.alibaba-inc.com/cross-spawn/download/cross-spawn-7.0.3.tgz#f73a85b9d5d41d045551c177e2882d4ac85728a6"
  integrity sha1-9zqFudXUHQRVUcF34ogtSshXKKY=
  dependencies:
    path-key "^3.1.0"
    shebang-command "^2.0.0"
    which "^2.0.1"

electron-to-chromium@^1.3.649:
  version "1.3.659"
  resolved "https://registry.npm.alibaba-inc.com/electron-to-chromium/download/electron-to-chromium-1.3.659.tgz#479eb1a80044ad3664ebd548e7b225fefe06a914"
  integrity sha1-R56xqABErTZk69VI57Il/v4GqRQ=

emojis-list@^3.0.0:
  version "3.0.0"
  resolved "https://registry.npm.alibaba-inc.com/emojis-list/download/emojis-list-3.0.0.tgz#5570662046ad29e2e916e71aae260abdff4f6a78"
  integrity sha1-VXBmIEatKeLpFucariYKvf9Pang=

enhanced-resolve@^4.0.0:
  version "4.5.0"
  resolved "https://registry.npm.alibaba-inc.com/enhanced-resolve/download/enhanced-resolve-4.5.0.tgz#2f3cfd84dbe3b487f18f2db2ef1e064a571ca5ec"
  integrity sha1-Lzz9hNvjtIfxjy2y7x4GSlccpew=
  dependencies:
    graceful-fs "^4.1.2"
    memory-fs "^0.5.0"
    tapable "^1.0.0"

enhanced-resolve@^5.7.0:
  version "5.7.0"
  resolved "https://registry.npm.alibaba-inc.com/enhanced-resolve/download/enhanced-resolve-5.7.0.tgz#525c5d856680fbd5052de453ac83e32049958b5c"
  integrity sha1-UlxdhWaA+9UFLeRTrIPjIEmVi1w=
  dependencies:
    graceful-fs "^4.2.4"
    tapable "^2.2.0"

enquirer@^2.3.6:
  version "2.3.6"
  resolved "https://registry.npm.alibaba-inc.com/enquirer/download/enquirer-2.3.6.tgz#2a7fe5dd634a1e4125a975ec994ff5456dc3734d"
  integrity sha1-Kn/l3WNKHkElqXXsmU/1RW3Dc00=
  dependencies:
    ansi-colors "^4.1.1"

envinfo@^7.7.3:
  version "7.7.4"
  resolved "https://registry.npm.alibaba-inc.com/envinfo/download/envinfo-7.7.4.tgz#c6311cdd38a0e86808c1c9343f667e4267c4a320"
  integrity sha1-xjEc3Tig6GgIwck0P2Z+QmfEoyA=

errno@^0.1.3:
  version "0.1.8"
  resolved "https://registry.npm.alibaba-inc.com/errno/download/errno-0.1.8.tgz#8bb3e9c7d463be4976ff888f76b4809ebc2e811f"
  integrity sha1-i7Ppx9Rjvkl2/4iPdrSAnrwugR8=
  dependencies:
    prr "~1.0.1"

es-module-lexer@^0.3.26:
  version "0.3.26"
  resolved "https://registry.npm.alibaba-inc.com/es-module-lexer/download/es-module-lexer-0.3.26.tgz#7b507044e97d5b03b01d4392c74ffeb9c177a83b"
  integrity sha1-e1BwROl9WwOwHUOSx0/+ucF3qDs=

escalade@^3.1.1:
  version "3.1.1"
  resolved "https://registry.npm.alibaba-inc.com/escalade/download/escalade-3.1.1.tgz#d8cfdc7000965c5a0174b4a82eaa5c0552742e40"
  integrity sha1-2M/ccACWXFoBdLSoLqpcBVJ0LkA=

eslint-scope@^5.1.1:
  version "5.1.1"
  resolved "https://registry.npm.alibaba-inc.com/eslint-scope/download/eslint-scope-5.1.1.tgz#e786e59a66cb92b3f6c1fb0d508aab174848f48c"
  integrity sha1-54blmmbLkrP2wfsNUIqrF0hI9Iw=
  dependencies:
    esrecurse "^4.3.0"
    estraverse "^4.1.1"

esrecurse@^4.3.0:
  version "4.3.0"
  resolved "https://registry.npm.alibaba-inc.com/esrecurse/download/esrecurse-4.3.0.tgz#7ad7964d679abb28bee72cec63758b1c5d2c9921"
  integrity sha1-eteWTWeauyi+5yzsY3WLHF0smSE=
  dependencies:
    estraverse "^5.2.0"

estraverse@^4.1.1:
  version "4.3.0"
  resolved "https://registry.npm.alibaba-inc.com/estraverse/download/estraverse-4.3.0.tgz#398ad3f3c5a24948be7725e83d11a7de28cdbd1d"
  integrity sha1-OYrT88WiSUi+dyXoPRGn3ijNvR0=

estraverse@^5.2.0:
  version "5.2.0"
  resolved "https://registry.npm.alibaba-inc.com/estraverse/download/estraverse-5.2.0.tgz#307df42547e6cc7324d3cf03c155d5cdb8c53880"
  integrity sha1-MH30JUfmzHMk088DwVXVzbjFOIA=

events@^3.2.0:
  version "3.2.0"
  resolved "https://registry.npm.alibaba-inc.com/events/download/events-3.2.0.tgz#93b87c18f8efcd4202a461aec4dfc0556b639379"
  integrity sha1-k7h8GPjvzUICpGGuxN/AVWtjk3k=

execa@^5.0.0:
  version "5.0.0"
  resolved "https://registry.npm.alibaba-inc.com/execa/download/execa-5.0.0.tgz#4029b0007998a841fbd1032e5f4de86a3c1e3376"
  integrity sha1-QCmwAHmYqEH70QMuX03oajweM3Y=
  dependencies:
    cross-spawn "^7.0.3"
    get-stream "^6.0.0"
    human-signals "^2.1.0"
    is-stream "^2.0.0"
    merge-stream "^2.0.0"
    npm-run-path "^4.0.1"
    onetime "^5.1.2"
    signal-exit "^3.0.3"
    strip-final-newline "^2.0.0"

fast-deep-equal@^3.1.1:
  version "3.1.3"
  resolved "https://registry.npm.alibaba-inc.com/fast-deep-equal/download/fast-deep-equal-3.1.3.tgz#3a7d56b559d6cbc3eb512325244e619a65c6c525"
  integrity sha1-On1WtVnWy8PrUSMlJE5hmmXGxSU=

fast-json-stable-stringify@^2.0.0:
  version "2.1.0"
  resolved "https://registry.npm.alibaba-inc.com/fast-json-stable-stringify/download/fast-json-stable-stringify-2.1.0.tgz#874bf69c6f404c2b5d99c481341399fd55892633"
  integrity sha1-h0v2nG9ATCtdmcSBNBOZ/VWJJjM=

fastest-levenshtein@^1.0.12:
  version "1.0.12"
  resolved "https://registry.npm.alibaba-inc.com/fastest-levenshtein/download/fastest-levenshtein-1.0.12.tgz#9990f7d3a88cc5a9ffd1f1745745251700d497e2"
  integrity sha1-mZD306iMxan/0fF0V0UlFwDUl+I=

fill-range@^7.0.1:
  version "7.0.1"
  resolved "https://registry.npm.alibaba-inc.com/fill-range/download/fill-range-7.0.1.tgz#1919a6a7c75fe38b2c7c77e5198535da9acdda40"
  integrity sha1-GRmmp8df44ssfHflGYU12prN2kA=
  dependencies:
    to-regex-range "^5.0.1"

find-up@^4.0.0:
  version "4.1.0"
  resolved "https://registry.npm.alibaba-inc.com/find-up/download/find-up-4.1.0.tgz#97afe7d6cdc0bc5928584b7c8d7b16e8a9aa5d19"
  integrity sha1-l6/n1s3AvFkoWEt8jXsW6KmqXRk=
  dependencies:
    locate-path "^5.0.0"
    path-exists "^4.0.0"

function-bind@^1.1.1:
  version "1.1.1"
  resolved "https://registry.npm.alibaba-inc.com/function-bind/download/function-bind-1.1.1.tgz#a56899d3ea3c9bab874bb9773b7c5ede92f4895d"
  integrity sha1-pWiZ0+o8m6uHS7l3O3xe3pL0iV0=

get-stream@^6.0.0:
  version "6.0.0"
  resolved "https://registry.npm.alibaba-inc.com/get-stream/download/get-stream-6.0.0.tgz#3e0012cb6827319da2706e601a1583e8629a6718"
  integrity sha1-PgASy2gnMZ2icG5gGhWD6GKaZxg=

glob-to-regexp@^0.4.1:
  version "0.4.1"
  resolved "https://registry.npm.alibaba-inc.com/glob-to-regexp/download/glob-to-regexp-0.4.1.tgz#c75297087c851b9a578bd217dd59a92f59fe546e"
  integrity sha1-x1KXCHyFG5pXi9IX3VmpL1n+VG4=

graceful-fs@^4.1.2, graceful-fs@^4.2.4:
  version "4.2.5"
  resolved "https://registry.npm.alibaba-inc.com/graceful-fs/download/graceful-fs-4.2.5.tgz#bc18864a6c9fc7b303f2e2abdb9155ad178fbe29"
  integrity sha1-vBiGSmyfx7MD8uKr25FVrRePvik=

has-flag@^4.0.0:
  version "4.0.0"
  resolved "https://registry.npm.alibaba-inc.com/has-flag/download/has-flag-4.0.0.tgz#944771fd9c81c81265c4d6941860da06bb59479b"
  integrity sha1-lEdx/ZyByBJlxNaUGGDaBrtZR5s=

has@^1.0.3:
  version "1.0.3"
  resolved "https://registry.npm.alibaba-inc.com/has/download/has-1.0.3.tgz#722d7cbfc1f6aa8241f16dd814e011e1f41e8796"
  integrity sha1-ci18v8H2qoJB8W3YFOAR4fQeh5Y=
  dependencies:
    function-bind "^1.1.1"

human-signals@^2.1.0:
  version "2.1.0"
  resolved "https://registry.npm.alibaba-inc.com/human-signals/download/human-signals-2.1.0.tgz#dc91fcba42e4d06e4abaed33b3e7a3c02f514ea0"
  integrity sha1-3JH8ukLk0G5Kuu0zs+ejwC9RTqA=

import-local@^3.0.2:
  version "3.0.2"
  resolved "https://registry.npm.alibaba-inc.com/import-local/download/import-local-3.0.2.tgz#a8cfd0431d1de4a2199703d003e3e62364fa6db6"
  integrity sha1-qM/QQx0d5KIZlwPQA+PmI2T6bbY=
  dependencies:
    pkg-dir "^4.2.0"
    resolve-cwd "^3.0.0"

inherits@~2.0.3:
  version "2.0.4"
  resolved "https://registry.npm.alibaba-inc.com/inherits/download/inherits-2.0.4.tgz#0fa2c64f932917c3433a0ded55363aae37416b7c"
  integrity sha1-D6LGT5MpF8NDOg3tVTY6rjdBa3w=

interpret@^2.2.0:
  version "2.2.0"
  resolved "https://registry.npm.alibaba-inc.com/interpret/download/interpret-2.2.0.tgz#1a78a0b5965c40a5416d007ad6f50ad27c417df9"
  integrity sha1-GnigtZZcQKVBbQB61vUK0nxBffk=

is-core-module@^2.1.0:
  version "2.2.0"
  resolved "https://registry.npm.alibaba-inc.com/is-core-module/download/is-core-module-2.2.0.tgz#97037ef3d52224d85163f5597b2b63d9afed981a"
  integrity sha1-lwN+89UiJNhRY/VZeytj2a/tmBo=
  dependencies:
    has "^1.0.3"

is-number@^7.0.0:
  version "7.0.0"
  resolved "https://registry.npm.alibaba-inc.com/is-number/download/is-number-7.0.0.tgz#7535345b896734d5f80c4d06c50955527a14f12b"
  integrity sha1-dTU0W4lnNNX4DE0GxQlVUnoU8Ss=

is-plain-object@^2.0.4:
  version "2.0.4"
  resolved "https://registry.npm.alibaba-inc.com/is-plain-object/download/is-plain-object-2.0.4.tgz#2c163b3fafb1b606d9d17928f05c2a1c38e07677"
  integrity sha1-LBY7P6+xtgbZ0Xko8FwqHDjgdnc=
  dependencies:
    isobject "^3.0.1"

is-stream@^2.0.0:
  version "2.0.0"
  resolved "https://registry.npm.alibaba-inc.com/is-stream/download/is-stream-2.0.0.tgz#bde9c32680d6fae04129d6ac9d921ce7815f78e3"
  integrity sha1-venDJoDW+uBBKdasnZIc54FfeOM=

isarray@~1.0.0:
  version "1.0.0"
  resolved "https://registry.npm.alibaba-inc.com/isarray/download/isarray-1.0.0.tgz#bb935d48582cba168c06834957a54a3e07124f11"
  integrity sha1-u5NdSFgsuhaMBoNJV6VKPgcSTxE=

isexe@^2.0.0:
  version "2.0.0"
  resolved "https://registry.npm.alibaba-inc.com/isexe/download/isexe-2.0.0.tgz#e8fbf374dc556ff8947a10dcb0572d633f2cfa10"
  integrity sha1-6PvzdNxVb/iUehDcsFctYz8s+hA=

isobject@^3.0.1:
  version "3.0.1"
  resolved "https://registry.npm.alibaba-inc.com/isobject/download/isobject-3.0.1.tgz#4e431e92b11a9731636aa1f9c8d1ccbcfdab78df"
  integrity sha1-TkMekrEalzFjaqH5yNHMvP2reN8=

jest-worker@^26.6.2:
  version "26.6.2"
  resolved "https://registry.npm.alibaba-inc.com/jest-worker/download/jest-worker-26.6.2.tgz#7f72cbc4d643c365e27b9fd775f9d0eaa9c7a8ed"
  integrity sha1-f3LLxNZDw2Xie5/XdfnQ6qnHqO0=
  dependencies:
    "@types/node" "*"
    merge-stream "^2.0.0"
    supports-color "^7.0.0"

json-parse-better-errors@^1.0.2:
  version "1.0.2"
  resolved "https://registry.npm.alibaba-inc.com/json-parse-better-errors/download/json-parse-better-errors-1.0.2.tgz#bb867cfb3450e69107c131d1c514bab3dc8bcaa9"
  integrity sha1-u4Z8+zRQ5pEHwTHRxRS6s9yLyqk=

json-schema-traverse@^0.4.1:
  version "0.4.1"
  resolved "https://registry.npm.alibaba-inc.com/json-schema-traverse/download/json-schema-traverse-0.4.1.tgz#69f6a87d9513ab8bb8fe63bdb0979c448e684660"
  integrity sha1-afaofZUTq4u4/mO9sJecRI5oRmA=

json5@^2.1.2:
  version "2.2.0"
  resolved "https://registry.npm.alibaba-inc.com/json5/download/json5-2.2.0.tgz#2dfefe720c6ba525d9ebd909950f0515316c89a3"
  integrity sha1-Lf7+cgxrpSXZ69kJlQ8FFTFsiaM=
  dependencies:
    minimist "^1.2.5"

kind-of@^6.0.2:
  version "6.0.3"
  resolved "https://registry.npm.alibaba-inc.com/kind-of/download/kind-of-6.0.3.tgz#07c05034a6c349fa06e24fa35aa76db4580ce4dd"
  integrity sha1-B8BQNKbDSfoG4k+jWqdttFgM5N0=

loader-runner@^4.2.0:
  version "4.2.0"
  resolved "https://registry.npm.alibaba-inc.com/loader-runner/download/loader-runner-4.2.0.tgz#d7022380d66d14c5fb1d496b89864ebcfd478384"
  integrity sha1-1wIjgNZtFMX7HUlriYZOvP1Hg4Q=

loader-utils@^2.0.0:
  version "2.0.0"
  resolved "https://registry.npm.alibaba-inc.com/loader-utils/download/loader-utils-2.0.0.tgz#e4cace5b816d425a166b5f097e10cd12b36064b0"
  integrity sha1-5MrOW4FtQloWa18JfhDNErNgZLA=
  dependencies:
    big.js "^5.2.2"
    emojis-list "^3.0.0"
    json5 "^2.1.2"

locate-path@^5.0.0:
  version "5.0.0"
  resolved "https://registry.npm.alibaba-inc.com/locate-path/download/locate-path-5.0.0.tgz#1afba396afd676a6d42504d0a67a3a7eb9f62aa0"
  integrity sha1-Gvujlq/WdqbUJQTQpno6frn2KqA=
  dependencies:
    p-locate "^4.1.0"

lru-cache@^6.0.0:
  version "6.0.0"
  resolved "https://registry.npm.alibaba-inc.com/lru-cache/download/lru-cache-6.0.0.tgz#6d6fe6570ebd96aaf90fcad1dafa3b2566db3a94"
  integrity sha1-bW/mVw69lqr5D8rR2vo7JWbbOpQ=
  dependencies:
    yallist "^4.0.0"

memory-fs@^0.5.0:
  version "0.5.0"
  resolved "https://registry.npm.alibaba-inc.com/memory-fs/download/memory-fs-0.5.0.tgz#324c01288b88652966d161db77838720845a8e3c"
  integrity sha1-MkwBKIuIZSlm0WHbd4OHIIRajjw=
  dependencies:
    errno "^0.1.3"
    readable-stream "^2.0.1"

merge-stream@^2.0.0:
  version "2.0.0"
  resolved "https://registry.npm.alibaba-inc.com/merge-stream/download/merge-stream-2.0.0.tgz#52823629a14dd00c9770fb6ad47dc6310f2c1f60"
  integrity sha1-UoI2KaFN0AyXcPtq1H3GMQ8sH2A=

micromatch@^4.0.0:
  version "4.0.2"
  resolved "https://registry.npm.alibaba-inc.com/micromatch/download/micromatch-4.0.2.tgz#4fcb0999bf9fbc2fcbdd212f6d629b9a56c39259"
  integrity sha1-T8sJmb+fvC/L3SEvbWKbmlbDklk=
  dependencies:
    braces "^3.0.1"
    picomatch "^2.0.5"

mime-db@1.45.0:
  version "1.45.0"
  resolved "https://registry.npm.alibaba-inc.com/mime-db/download/mime-db-1.45.0.tgz#cceeda21ccd7c3a745eba2decd55d4b73e7879ea"
  integrity sha1-zO7aIczXw6dF66LezVXUtz54eeo=

mime-types@^2.1.27:
  version "2.1.28"
  resolved "https://registry.npm.alibaba-inc.com/mime-types/download/mime-types-2.1.28.tgz#1160c4757eab2c5363888e005273ecf79d2a0ecd"
  integrity sha1-EWDEdX6rLFNjiI4AUnPs950qDs0=
  dependencies:
    mime-db "1.45.0"

mimic-fn@^2.1.0:
  version "2.1.0"
  resolved "https://registry.npm.alibaba-inc.com/mimic-fn/download/mimic-fn-2.1.0.tgz#7ed2c2ccccaf84d3ffcb7a69b57711fc2083401b"
  integrity sha1-ftLCzMyvhNP/y3pptXcR/CCDQBs=

minimist@^1.2.5:
  version "1.2.5"
  resolved "https://registry.npm.alibaba-inc.com/minimist/download/minimist-1.2.5.tgz#67d66014b66a6a8aaa0c083c5fd58df4e4e97602"
  integrity sha1-Z9ZgFLZqaoqqDAg8X9WN9OTpdgI=

neo-async@^2.6.2:
  version "2.6.2"
  resolved "https://registry.npm.alibaba-inc.com/neo-async/download/neo-async-2.6.2.tgz#b4aafb93e3aeb2d8174ca53cf163ab7d7308305f"
  integrity sha1-tKr7k+OustgXTKU88WOrfXMIMF8=

node-releases@^1.1.70:
  version "1.1.70"
  resolved "https://registry.npm.alibaba-inc.com/node-releases/download/node-releases-1.1.70.tgz#66e0ed0273aa65666d7fe78febe7634875426a08"
  integrity sha1-ZuDtAnOqZWZtf+eP6+djSHVCagg=

npm-run-path@^4.0.1:
  version "4.0.1"
  resolved "https://registry.npm.alibaba-inc.com/npm-run-path/download/npm-run-path-4.0.1.tgz#b7ecd1e5ed53da8e37a55e1c2269e0b97ed748ea"
  integrity sha1-t+zR5e1T2o43pV4cImnguX7XSOo=
  dependencies:
    path-key "^3.0.0"

onetime@^5.1.2:
  version "5.1.2"
  resolved "https://registry.npm.alibaba-inc.com/onetime/download/onetime-5.1.2.tgz#d0e96ebb56b07476df1dd9c4806e5237985ca45e"
  integrity sha1-0Oluu1awdHbfHdnEgG5SN5hcpF4=
  dependencies:
    mimic-fn "^2.1.0"

p-limit@^2.2.0:
  version "2.3.0"
  resolved "https://registry.npm.alibaba-inc.com/p-limit/download/p-limit-2.3.0.tgz#3dd33c647a214fdfffd835933eb086da0dc21db1"
  integrity sha1-PdM8ZHohT9//2DWTPrCG2g3CHbE=
  dependencies:
    p-try "^2.0.0"

p-limit@^3.1.0:
  version "3.1.0"
  resolved "https://registry.npm.alibaba-inc.com/p-limit/download/p-limit-3.1.0.tgz#e1daccbe78d0d1388ca18c64fea38e3e57e3706b"
  integrity sha1-4drMvnjQ0TiMoYxk/qOOPlfjcGs=
  dependencies:
    yocto-queue "^0.1.0"

p-locate@^4.1.0:
  version "4.1.0"
  resolved "https://registry.npm.alibaba-inc.com/p-locate/download/p-locate-4.1.0.tgz#a3428bb7088b3a60292f66919278b7c297ad4f07"
  integrity sha1-o0KLtwiLOmApL2aRkni3wpetTwc=
  dependencies:
    p-limit "^2.2.0"

p-try@^2.0.0:
  version "2.2.0"
  resolved "https://registry.npm.alibaba-inc.com/p-try/download/p-try-2.2.0.tgz#cb2868540e313d61de58fafbe35ce9004d5540e6"
  integrity sha1-yyhoVA4xPWHeWPr741zpAE1VQOY=

path-exists@^4.0.0:
  version "4.0.0"
  resolved "https://registry.npm.alibaba-inc.com/path-exists/download/path-exists-4.0.0.tgz#513bdbe2d3b95d7762e8c1137efa195c6c61b5b3"
  integrity sha1-UTvb4tO5XXdi6METfvoZXGxhtbM=

path-key@^3.0.0, path-key@^3.1.0:
  version "3.1.1"
  resolved "https://registry.npm.alibaba-inc.com/path-key/download/path-key-3.1.1.tgz#581f6ade658cbba65a0d3380de7753295054f375"
  integrity sha1-WB9q3mWMu6ZaDTOA3ndTKVBU83U=

path-parse@^1.0.6:
  version "1.0.6"
  resolved "https://registry.npm.alibaba-inc.com/path-parse/download/path-parse-1.0.6.tgz#d62dbb5679405d72c4737ec58600e9ddcf06d24c"
  integrity sha1-1i27VnlAXXLEc37FhgDp3c8G0kw=

picomatch@^2.0.5:
  version "2.2.2"
  resolved "https://registry.npm.alibaba-inc.com/picomatch/download/picomatch-2.2.2.tgz#21f333e9b6b8eaff02468f5146ea406d345f4dad"
  integrity sha1-IfMz6ba46v8CRo9RRupAbTRfTa0=

pkg-dir@^4.2.0:
  version "4.2.0"
  resolved "https://registry.npm.alibaba-inc.com/pkg-dir/download/pkg-dir-4.2.0.tgz#f099133df7ede422e81d1d8448270eeb3e4261f3"
  integrity sha1-8JkTPfft5CLoHR2ESCcO6z5CYfM=
  dependencies:
    find-up "^4.0.0"

process-nextick-args@~2.0.0:
  version "2.0.1"
  resolved "https://registry.npm.alibaba-inc.com/process-nextick-args/download/process-nextick-args-2.0.1.tgz#7820d9b16120cc55ca9ae7792680ae7dba6d7fe2"
  integrity sha1-eCDZsWEgzFXKmud5JoCufbptf+I=

prr@~1.0.1:
  version "1.0.1"
  resolved "https://registry.npm.alibaba-inc.com/prr/download/prr-1.0.1.tgz#d3fc114ba06995a45ec6893f484ceb1d78f5f476"
  integrity sha1-0/wRS6BplaRexok/SEzrHXj19HY=

punycode@^2.1.0:
  version "2.1.1"
  resolved "https://registry.npm.alibaba-inc.com/punycode/download/punycode-2.1.1.tgz#b58b010ac40c22c5657616c8d2c2c02c7bf479ec"
  integrity sha1-tYsBCsQMIsVldhbI0sLALHv0eew=

randombytes@^2.1.0:
  version "2.1.0"
  resolved "https://registry.npm.alibaba-inc.com/randombytes/download/randombytes-2.1.0.tgz#df6f84372f0270dc65cdf6291349ab7a473d4f2a"
  integrity sha1-32+ENy8CcNxlzfYpE0mrekc9Tyo=
  dependencies:
    safe-buffer "^5.1.0"

readable-stream@^2.0.1:
  version "2.3.7"
  resolved "https://registry.npm.alibaba-inc.com/readable-stream/download/readable-stream-2.3.7.tgz#1eca1cf711aef814c04f62252a36a62f6cb23b57"
  integrity sha1-Hsoc9xGu+BTAT2IlKjamL2yyO1c=
  dependencies:
    core-util-is "~1.0.0"
    inherits "~2.0.3"
    isarray "~1.0.0"
    process-nextick-args "~2.0.0"
    safe-buffer "~5.1.1"
    string_decoder "~1.1.1"
    util-deprecate "~1.0.1"

rechoir@^0.7.0:
  version "0.7.0"
  resolved "https://registry.npm.alibaba-inc.com/rechoir/download/rechoir-0.7.0.tgz#32650fd52c21ab252aa5d65b19310441c7e03aca"
  integrity sha1-MmUP1SwhqyUqpdZbGTEEQcfgOso=
  dependencies:
    resolve "^1.9.0"

resolve-cwd@^3.0.0:
  version "3.0.0"
  resolved "https://registry.npm.alibaba-inc.com/resolve-cwd/download/resolve-cwd-3.0.0.tgz#0f0075f1bb2544766cf73ba6a6e2adfebcb13f2d"
  integrity sha1-DwB18bslRHZs9zumpuKt/ryxPy0=
  dependencies:
    resolve-from "^5.0.0"

resolve-from@^5.0.0:
  version "5.0.0"
  resolved "https://registry.npm.alibaba-inc.com/resolve-from/download/resolve-from-5.0.0.tgz#c35225843df8f776df21c57557bc087e9dfdfc69"
  integrity sha1-w1IlhD3493bfIcV1V7wIfp39/Gk=

resolve@^1.9.0:
  version "1.19.0"
  resolved "https://registry.npm.alibaba-inc.com/resolve/download/resolve-1.19.0.tgz#1af5bf630409734a067cae29318aac7fa29a267c"
  integrity sha1-GvW/YwQJc0oGfK4pMYqsf6KaJnw=
  dependencies:
    is-core-module "^2.1.0"
    path-parse "^1.0.6"

safe-buffer@^5.1.0:
  version "5.2.1"
  resolved "https://registry.npm.alibaba-inc.com/safe-buffer/download/safe-buffer-5.2.1.tgz#1eaf9fa9bdb1fdd4ec75f58f9cdb4e6b7827eec6"
  integrity sha1-Hq+fqb2x/dTsdfWPnNtOa3gn7sY=

safe-buffer@~5.1.0, safe-buffer@~5.1.1:
  version "5.1.2"
  resolved "https://registry.npm.alibaba-inc.com/safe-buffer/download/safe-buffer-5.1.2.tgz#991ec69d296e0313747d59bdfd2b745c35f8828d"
  integrity sha1-mR7GnSluAxN0fVm9/St0XDX4go0=

schema-utils@^3.0.0:
  version "3.0.0"
  resolved "https://registry.npm.alibaba-inc.com/schema-utils/download/schema-utils-3.0.0.tgz#67502f6aa2b66a2d4032b4279a2944978a0913ef"
  integrity sha1-Z1AvaqK2ai1AMrQnmilEl4oJE+8=
  dependencies:
    "@types/json-schema" "^7.0.6"
    ajv "^6.12.5"
    ajv-keywords "^3.5.2"

semver@^7.3.4:
  version "7.3.4"
  resolved "https://registry.npm.alibaba-inc.com/semver/download/semver-7.3.4.tgz#27aaa7d2e4ca76452f98d3add093a72c943edc97"
  integrity sha1-J6qn0uTKdkUvmNOt0JOnLJQ+3Jc=
  dependencies:
    lru-cache "^6.0.0"

serialize-javascript@^5.0.1:
  version "5.0.1"
  resolved "https://registry.npm.alibaba-inc.com/serialize-javascript/download/serialize-javascript-5.0.1.tgz#7886ec848049a462467a97d3d918ebb2aaf934f4"
  integrity sha1-eIbshIBJpGJGepfT2Rjrsqr5NPQ=
  dependencies:
    randombytes "^2.1.0"

shallow-clone@^3.0.0:
  version "3.0.1"
  resolved "https://registry.npm.alibaba-inc.com/shallow-clone/download/shallow-clone-3.0.1.tgz#8f2981ad92531f55035b01fb230769a40e02efa3"
  integrity sha1-jymBrZJTH1UDWwH7IwdppA4C76M=
  dependencies:
    kind-of "^6.0.2"

shebang-command@^2.0.0:
  version "2.0.0"
  resolved "https://registry.npm.alibaba-inc.com/shebang-command/download/shebang-command-2.0.0.tgz#ccd0af4f8835fbdc265b82461aaf0c36663f34ea"
  integrity sha1-zNCvT4g1+9wmW4JGGq8MNmY/NOo=
  dependencies:
    shebang-regex "^3.0.0"

shebang-regex@^3.0.0:
  version "3.0.0"
  resolved "https://registry.npm.alibaba-inc.com/shebang-regex/download/shebang-regex-3.0.0.tgz#ae16f1644d873ecad843b0307b143362d4c42172"
  integrity sha1-rhbxZE2HPsrYQ7AwexQzYtTEIXI=

signal-exit@^3.0.3:
  version "3.0.3"
  resolved "https://registry.npm.alibaba-inc.com/signal-exit/download/signal-exit-3.0.3.tgz#a1410c2edd8f077b08b4e253c8eacfcaf057461c"
  integrity sha1-oUEMLt2PB3sItOJTyOrPyvBXRhw=

source-list-map@^2.0.1:
  version "2.0.1"
  resolved "https://registry.npm.alibaba-inc.com/source-list-map/download/source-list-map-2.0.1.tgz#3993bd873bfc48479cca9ea3a547835c7c154b34"
  integrity sha1-OZO9hzv8SEecyp6jpUeDXHwVSzQ=

source-map-support@~0.5.19:
  version "0.5.19"
  resolved "https://registry.npm.alibaba-inc.com/source-map-support/download/source-map-support-0.5.19.tgz#a98b62f86dcaf4f67399648c085291ab9e8fed61"
  integrity sha1-qYti+G3K9PZzmWSMCFKRq56P7WE=
  dependencies:
    buffer-from "^1.0.0"
    source-map "^0.6.0"

source-map@^0.6.0, source-map@^0.6.1:
  version "0.6.1"
  resolved "https://registry.npm.alibaba-inc.com/source-map/download/source-map-0.6.1.tgz#74722af32e9614e9c287a8d0bbde48b5e2f1a263"
  integrity sha1-dHIq8y6WFOnCh6jQu95IteLxomM=

source-map@~0.7.2:
  version "0.7.3"
  resolved "https://registry.npm.alibaba-inc.com/source-map/download/source-map-0.7.3.tgz#5302f8169031735226544092e64981f751750383"
  integrity sha1-UwL4FpAxc1ImVECS5kmB91F1A4M=

string_decoder@~1.1.1:
  version "1.1.1"
  resolved "https://registry.npm.alibaba-inc.com/string_decoder/download/string_decoder-1.1.1.tgz#9cf1611ba62685d7030ae9e4ba34149c3af03fc8"
  integrity sha1-nPFhG6YmhdcDCunkujQUnDrwP8g=
  dependencies:
    safe-buffer "~5.1.0"

strip-final-newline@^2.0.0:
  version "2.0.0"
  resolved "https://registry.npm.alibaba-inc.com/strip-final-newline/download/strip-final-newline-2.0.0.tgz#89b852fb2fcbe936f6f4b3187afb0a12c1ab58ad"
  integrity sha1-ibhS+y/L6Tb29LMYevsKEsGrWK0=

supports-color@^7.0.0, supports-color@^7.1.0:
  version "7.2.0"
  resolved "https://registry.npm.alibaba-inc.com/supports-color/download/supports-color-7.2.0.tgz#1b7dcdcb32b8138801b3e478ba6a51caa89648da"
  integrity sha1-G33NyzK4E4gBs+R4umpRyqiWSNo=
  dependencies:
    has-flag "^4.0.0"

tapable@^1.0.0:
  version "1.1.3"
  resolved "https://registry.npm.alibaba-inc.com/tapable/download/tapable-1.1.3.tgz#a1fccc06b58db61fd7a45da2da44f5f3a3e67ba2"
  integrity sha1-ofzMBrWNth/XpF2i2kT186Pme6I=

tapable@^2.1.1, tapable@^2.2.0:
  version "2.2.0"
  resolved "https://registry.npm.alibaba-inc.com/tapable/download/tapable-2.2.0.tgz#5c373d281d9c672848213d0e037d1c4165ab426b"
  integrity sha1-XDc9KB2cZyhIIT0OA30cQWWrQms=

terser-webpack-plugin@^5.1.1:
  version "5.1.1"
  resolved "https://registry.npm.alibaba-inc.com/terser-webpack-plugin/download/terser-webpack-plugin-5.1.1.tgz#7effadee06f7ecfa093dbbd3e9ab23f5f3ed8673"
  integrity sha1-fv+t7gb37PoJPbvT6asj9fPthnM=
  dependencies:
    jest-worker "^26.6.2"
    p-limit "^3.1.0"
    schema-utils "^3.0.0"
    serialize-javascript "^5.0.1"
    source-map "^0.6.1"
    terser "^5.5.1"

terser@^5.5.1:
  version "5.5.1"
  resolved "https://registry.npm.alibaba-inc.com/terser/download/terser-5.5.1.tgz#540caa25139d6f496fdea056e414284886fb2289"
  integrity sha1-VAyqJROdb0lv3qBW5BQoSIb7Iok=
  dependencies:
    commander "^2.20.0"
    source-map "~0.7.2"
    source-map-support "~0.5.19"

to-regex-range@^5.0.1:
  version "5.0.1"
  resolved "https://registry.npm.alibaba-inc.com/to-regex-range/download/to-regex-range-5.0.1.tgz#1648c44aae7c8d988a326018ed72f5b4dd0392e4"
  integrity sha1-FkjESq58jZiKMmAY7XL1tN0DkuQ=
  dependencies:
    is-number "^7.0.0"

ts-loader@^8.0.16:
  version "8.0.16"
  resolved "https://registry.npm.alibaba-inc.com/ts-loader/download/ts-loader-8.0.16.tgz#a60311f01f015518e1cfbb5698e6ca8830cd2391"
  integrity sha1-pgMR8B8BVRjhz7tWmObKiDDNI5E=
  dependencies:
    chalk "^4.1.0"
    enhanced-resolve "^4.0.0"
    loader-utils "^2.0.0"
    micromatch "^4.0.0"
    semver "^7.3.4"

tslib@^1.9.0:
  version "1.14.1"
  resolved "https://registry.npm.alibaba-inc.com/tslib/download/tslib-1.14.1.tgz#cf2d38bdc34a134bcaf1091c41f6619e2f672d00"
  integrity sha1-zy04vcNKE0vK8QkcQfZhni9nLQA=

typescript@^4.1.3:
  version "4.1.3"
  resolved "https://registry.npm.alibaba-inc.com/typescript/download/typescript-4.1.3.tgz#519d582bd94cba0cf8934c7d8e8467e473f53bb7"
  integrity sha1-UZ1YK9lMugz4k0x9joRn5HP1O7c=

uri-js@^4.2.2:
  version "4.4.1"
  resolved "https://registry.npm.alibaba-inc.com/uri-js/download/uri-js-4.4.1.tgz#9b1a52595225859e55f669d928f88c6c57f2a77e"
  integrity sha1-mxpSWVIlhZ5V9mnZKPiMbFfyp34=
  dependencies:
    punycode "^2.1.0"

util-deprecate@~1.0.1:
  version "1.0.2"
  resolved "https://registry.npm.alibaba-inc.com/util-deprecate/download/util-deprecate-1.0.2.tgz#450d4dc9fa70de732762fbd2d4a28981419a0ccf"
  integrity sha1-RQ1Nyfpw3nMnYvvS1KKJgUGaDM8=

v8-compile-cache@^2.2.0:
  version "2.2.0"
  resolved "https://registry.npm.alibaba-inc.com/v8-compile-cache/download/v8-compile-cache-2.2.0.tgz#9471efa3ef9128d2f7c6a7ca39c4dd6b5055b132"
  integrity sha1-lHHvo++RKNL3xqfKOcTda1BVsTI=

watchpack@^2.0.0:
  version "2.1.1"
  resolved "https://registry.npm.alibaba-inc.com/watchpack/download/watchpack-2.1.1.tgz#e99630550fca07df9f90a06056987baa40a689c7"
  integrity sha1-6ZYwVQ/KB9+fkKBgVph7qkCmicc=
  dependencies:
    glob-to-regexp "^0.4.1"
    graceful-fs "^4.1.2"

webpack-cli@^4.5.0:
  version "4.5.0"
  resolved "https://registry.npm.alibaba-inc.com/webpack-cli/download/webpack-cli-4.5.0.tgz#b5213b84adf6e1f5de6391334c9fa53a48850466"
  integrity sha1-tSE7hK324fXeY5EzTJ+lOkiFBGY=
  dependencies:
    "@discoveryjs/json-ext" "^0.5.0"
    "@webpack-cli/configtest" "^1.0.1"
    "@webpack-cli/info" "^1.2.2"
    "@webpack-cli/serve" "^1.3.0"
    colorette "^1.2.1"
    commander "^7.0.0"
    enquirer "^2.3.6"
    execa "^5.0.0"
    fastest-levenshtein "^1.0.12"
    import-local "^3.0.2"
    interpret "^2.2.0"
    rechoir "^0.7.0"
    v8-compile-cache "^2.2.0"
    webpack-merge "^5.7.3"

webpack-merge@^5.7.3:
  version "5.7.3"
  resolved "https://registry.npm.alibaba-inc.com/webpack-merge/download/webpack-merge-5.7.3.tgz#2a0754e1877a25a8bbab3d2475ca70a052708213"
  integrity sha1-KgdU4Yd6Jai7qz0kdcpwoFJwghM=
  dependencies:
    clone-deep "^4.0.1"
    wildcard "^2.0.0"

webpack-sources@^2.1.1:
  version "2.2.0"
  resolved "https://registry.npm.alibaba-inc.com/webpack-sources/download/webpack-sources-2.2.0.tgz#058926f39e3d443193b6c31547229806ffd02bac"
  integrity sha1-BYkm8549RDGTtsMVRyKYBv/QK6w=
  dependencies:
    source-list-map "^2.0.1"
    source-map "^0.6.1"

webpack@^5.21.2:
  version "5.21.2"
  resolved "https://registry.npm.alibaba-inc.com/webpack/download/webpack-5.21.2.tgz#647507e50d3637695be28af58a6a8246050394e7"
  integrity sha1-ZHUH5Q02N2lb4or1imqCRgUDlOc=
  dependencies:
    "@types/eslint-scope" "^3.7.0"
    "@types/estree" "^0.0.46"
    "@webassemblyjs/ast" "1.11.0"
    "@webassemblyjs/wasm-edit" "1.11.0"
    "@webassemblyjs/wasm-parser" "1.11.0"
    acorn "^8.0.4"
    browserslist "^4.14.5"
    chrome-trace-event "^1.0.2"
    enhanced-resolve "^5.7.0"
    es-module-lexer "^0.3.26"
    eslint-scope "^5.1.1"
    events "^3.2.0"
    glob-to-regexp "^0.4.1"
    graceful-fs "^4.2.4"
    json-parse-better-errors "^1.0.2"
    loader-runner "^4.2.0"
    mime-types "^2.1.27"
    neo-async "^2.6.2"
    schema-utils "^3.0.0"
    tapable "^2.1.1"
    terser-webpack-plugin "^5.1.1"
    watchpack "^2.0.0"
    webpack-sources "^2.1.1"

which@^2.0.1:
  version "2.0.2"
  resolved "https://registry.npm.alibaba-inc.com/which/download/which-2.0.2.tgz#7c6a8dd0a636a0327e10b59c9286eee93f3f51b1"
  integrity sha1-fGqN0KY2oDJ+ELWckobu6T8/UbE=
  dependencies:
    isexe "^2.0.0"

wildcard@^2.0.0:
  version "2.0.0"
  resolved "https://registry.npm.alibaba-inc.com/wildcard/download/wildcard-2.0.0.tgz#a77d20e5200c6faaac979e4b3aadc7b3dd7f8fec"
  integrity sha1-p30g5SAMb6qsl55LOq3Hs91/j+w=

yallist@^4.0.0:
  version "4.0.0"
  resolved "https://registry.npm.alibaba-inc.com/yallist/download/yallist-4.0.0.tgz#9bb92790d9c0effec63be73519e11a35019a3a72"
  integrity sha1-m7knkNnA7/7GO+c1GeEaNQGaOnI=

yocto-queue@^0.1.0:
  version "0.1.0"
  resolved "https://registry.npm.alibaba-inc.com/yocto-queue/download/yocto-queue-0.1.0.tgz#0294eb3dee05028d31ee1a5fa2c556a6aaf10a1b"
  integrity sha1-ApTrPe4FAo0x7hpfosVWpqrxChs=
